
Microsoft Visual Studio Solution File, Format Version 12.00
# Visual Studio Version 17
VisualStudioVersion = 17.3.32929.385
MinimumVisualStudioVersion = 10.0.40219.1
Project("{FAE04EC0-301F-11D3-BF4B-00C04F79EFBC}") = "csharp-oop-shop", "csharp-oop-shop.csproj", "{BA85B2AF-6388-486E-B7CD-3D97B751C9A4}"
EndProject
Global
	GlobalSection(SolutionConfigurationPlatforms) = preSolution
		Debug|Any CPU = Debug|Any CPU
		Release|Any CPU = Release|Any CPU
	EndGlobalSection
	GlobalSection(ProjectConfigurationPlatforms) = postSolution
		{BA85B2AF-6388-486E-B7CD-3D97B751C9A4}.Debug|Any CPU.ActiveCfg = Debug|Any CPU
		{BA85B2AF-6388-486E-B7CD-3D97B751C9A4}.Debug|Any CPU.Build.0 = Debug|Any CPU
		{BA85B2AF-6388-486E-B7CD-3D97B751C9A4}.Release|Any CPU.ActiveCfg = Release|Any CPU
		{BA85B2AF-6388-486E-B7CD-3D97B751C9A4}.Release|Any CPU.Build.0 = Release|Any CPU
	EndGlobalSection
	GlobalSection(SolutionProperties) = preSolution
		HideSolutionNode = FALSE
	EndGlobalSection
	GlobalSection(ExtensibilityGlobals) = postSolution
		SolutionGuid = {32D1DA59-EF61-41C2-930F-47A49E39885A}
	EndGlobalSection
EndGlobal
